// !$*UTF8*$!
{
	archiveVersion = 1;
	classes = {
	};
	objectVersion = 50;
	objects = {

/* Begin PBXBuildFile section */
		A331D36323BDD5A000C849B7 /* UserDetailView.swift in Sources */ = {isa = PBXBuildFile; fileRef = A331D36223BDD5A000C849B7 /* UserDetailView.swift */; };
		A331D36523BDFCF800C849B7 /* StoreUserInfo.swift in Sources */ = {isa = PBXBuildFile; fileRef = A331D36423BDFCF800C849B7 /* StoreUserInfo.swift */; };
		A381CA9623B9FCD900FCB7DD /* AppDelegate.swift in Sources */ = {isa = PBXBuildFile; fileRef = A381CA9523B9FCD900FCB7DD /* AppDelegate.swift */; };
		A381CA9823B9FCD900FCB7DD /* SceneDelegate.swift in Sources */ = {isa = PBXBuildFile; fileRef = A381CA9723B9FCD900FCB7DD /* SceneDelegate.swift */; };
		A381CA9A23B9FCD900FCB7DD /* ContentView.swift in Sources */ = {isa = PBXBuildFile; fileRef = A381CA9923B9FCD900FCB7DD /* ContentView.swift */; };
		A381CA9C23B9FCDD00FCB7DD /* Assets.xcassets in Resources */ = {isa = PBXBuildFile; fileRef = A381CA9B23B9FCDD00FCB7DD /* Assets.xcassets */; };
		A381CA9F23B9FCDD00FCB7DD /* Preview Assets.xcassets in Resources */ = {isa = PBXBuildFile; fileRef = A381CA9E23B9FCDD00FCB7DD /* Preview Assets.xcassets */; };
		A381CAA223B9FCDD00FCB7DD /* LaunchScreen.storyboard in Resources */ = {isa = PBXBuildFile; fileRef = A381CAA023B9FCDD00FCB7DD /* LaunchScreen.storyboard */; };
		A381CAAD23B9FCDD00FCB7DD /* SwiftUI_DemoTests.swift in Sources */ = {isa = PBXBuildFile; fileRef = A381CAAC23B9FCDD00FCB7DD /* SwiftUI_DemoTests.swift */; };
		A381CAB823B9FCDD00FCB7DD /* SwiftUI_DemoUITests.swift in Sources */ = {isa = PBXBuildFile; fileRef = A381CAB723B9FCDD00FCB7DD /* SwiftUI_DemoUITests.swift */; };
		A381CAC623BA040700FCB7DD /* UserInfo.swift in Sources */ = {isa = PBXBuildFile; fileRef = A381CAC523BA040600FCB7DD /* UserInfo.swift */; };
/* End PBXBuildFile section */

/* Begin PBXContainerItemProxy section */
		A381CAA923B9FCDD00FCB7DD /* PBXContainerItemProxy */ = {
			isa = PBXContainerItemProxy;
			containerPortal = A381CA8A23B9FCD900FCB7DD /* Project object */;
			proxyType = 1;
			remoteGlobalIDString = A381CA9123B9FCD900FCB7DD;
			remoteInfo = "SwiftUI Demo";
		};
		A381CAB423B9FCDD00FCB7DD /* PBXContainerItemProxy */ = {
			isa = PBXContainerItemProxy;
			containerPortal = A381CA8A23B9FCD900FCB7DD /* Project object */;
			proxyType = 1;
			remoteGlobalIDString = A381CA9123B9FCD900FCB7DD;
			remoteInfo = "SwiftUI Demo";
		};
/* End PBXContainerItemProxy section */

/* Begin PBXFileReference section */
		A331D36223BDD5A000C849B7 /* UserDetailView.swift */ = {isa = PBXFileReference; lastKnownFileType = sourcecode.swift; path = UserDetailView.swift; sourceTree = "<group>"; };
		A331D36423BDFCF800C849B7 /* StoreUserInfo.swift */ = {isa = PBXFileReference; lastKnownFileType = sourcecode.swift; path = StoreUserInfo.swift; sourceTree = "<group>"; };
		A381CA9223B9FCD900FCB7DD /* SwiftUI Demo.app */ = {isa = PBXFileReference; explicitFileType = wrapper.application; includeInIndex = 0; path = "SwiftUI Demo.app"; sourceTree = BUILT_PRODUCTS_DIR; };
		A381CA9523B9FCD900FCB7DD /* AppDelegate.swift */ = {isa = PBXFileReference; lastKnownFileType = sourcecode.swift; path = AppDelegate.swift; sourceTree = "<group>"; };
		A381CA9723B9FCD900FCB7DD /* SceneDelegate.swift */ = {isa = PBXFileReference; lastKnownFileType = sourcecode.swift; path = SceneDelegate.swift; sourceTree = "<group>"; };
		A381CA9923B9FCD900FCB7DD /* ContentView.swift */ = {isa = PBXFileReference; lastKnownFileType = sourcecode.swift; path = ContentView.swift; sourceTree = "<group>"; };
		A381CA9B23B9FCDD00FCB7DD /* Assets.xcassets */ = {isa = PBXFileReference; lastKnownFileType = folder.assetcatalog; path = Assets.xcassets; sourceTree = "<group>"; };
		A381CA9E23B9FCDD00FCB7DD /* Preview Assets.xcassets */ = {isa = PBXFileReference; lastKnownFileType = folder.assetcatalog; path = "Preview Assets.xcassets"; sourceTree = "<group>"; };
		A381CAA123B9FCDD00FCB7DD /* Base */ = {isa = PBXFileReference; lastKnownFileType = file.storyboard; name = Base; path = Base.lproj/LaunchScreen.storyboard; sourceTree = "<group>"; };
		A381CAA323B9FCDD00FCB7DD /* Info.plist */ = {isa = PBXFileReference; lastKnownFileType = text.plist.xml; path = Info.plist; sourceTree = "<group>"; };
		A381CAA823B9FCDD00FCB7DD /* SwiftUI DemoTests.xctest */ = {isa = PBXFileReference; explicitFileType = wrapper.cfbundle; includeInIndex = 0; path = "SwiftUI DemoTests.xctest"; sourceTree = BUILT_PRODUCTS_DIR; };
		A381CAAC23B9FCDD00FCB7DD /* SwiftUI_DemoTests.swift */ = {isa = PBXFileReference; lastKnownFileType = sourcecode.swift; path = SwiftUI_DemoTests.swift; sourceTree = "<group>"; };
		A381CAAE23B9FCDD00FCB7DD /* Info.plist */ = {isa = PBXFileReference; lastKnownFileType = text.plist.xml; path = Info.plist; sourceTree = "<group>"; };
		A381CAB323B9FCDD00FCB7DD /* SwiftUI DemoUITests.xctest */ = {isa = PBXFileReference; explicitFileType = wrapper.cfbundle; includeInIndex = 0; path = "SwiftUI DemoUITests.xctest"; sourceTree = BUILT_PRODUCTS_DIR; };
		A381CAB723B9FCDD00FCB7DD /* SwiftUI_DemoUITests.swift */ = {isa = PBXFileReference; lastKnownFileType = sourcecode.swift; path = SwiftUI_DemoUITests.swift; sourceTree = "<group>"; };
		A381CAB923B9FCDD00FCB7DD /* Info.plist */ = {isa = PBXFileReference; lastKnownFileType = text.plist.xml; path = Info.plist; sourceTree = "<group>"; };
		A381CAC523BA040600FCB7DD /* UserInfo.swift */ = {isa = PBXFileReference; lastKnownFileType = sourcecode.swift; path = UserInfo.swift; sourceTree = "<group>"; };
/* End PBXFileReference section */

/* Begin PBXFrameworksBuildPhase section */
		A381CA8F23B9FCD900FCB7DD /* Frameworks */ = {
			isa = PBXFrameworksBuildPhase;
			buildActionMask = 2147483647;
			files = (
			);
			runOnlyForDeploymentPostprocessing = 0;
		};
		A381CAA523B9FCDD00FCB7DD /* Frameworks */ = {
			isa = PBXFrameworksBuildPhase;
			buildActionMask = 2147483647;
			files = (
			);
			runOnlyForDeploymentPostprocessing = 0;
		};
		A381CAB023B9FCDD00FCB7DD /* Frameworks */ = {
			isa = PBXFrameworksBuildPhase;
			buildActionMask = 2147483647;
			files = (
			);
			runOnlyForDeploymentPostprocessing = 0;
		};
/* End PBXFrameworksBuildPhase section */

/* Begin PBXGroup section */
		A381CA8923B9FCD900FCB7DD = {
			isa = PBXGroup;
			children = (
				A381CA9423B9FCD900FCB7DD /* SwiftUI Demo */,
				A381CAAB23B9FCDD00FCB7DD /* SwiftUI DemoTests */,
				A381CAB623B9FCDD00FCB7DD /* SwiftUI DemoUITests */,
				A381CA9323B9FCD900FCB7DD /* Products */,
			);
			sourceTree = "<group>";
		};
		A381CA9323B9FCD900FCB7DD /* Products */ = {
			isa = PBXGroup;
			children = (
				A381CA9223B9FCD900FCB7DD /* SwiftUI Demo.app */,
				A381CAA823B9FCDD00FCB7DD /* SwiftUI DemoTests.xctest */,
				A381CAB323B9FCDD00FCB7DD /* SwiftUI DemoUITests.xctest */,
			);
			name = Products;
			sourceTree = "<group>";
		};
		A381CA9423B9FCD900FCB7DD /* SwiftUI Demo */ = {
			isa = PBXGroup;
			children = (
				A381CAC523BA040600FCB7DD /* UserInfo.swift */,
				A381CA9523B9FCD900FCB7DD /* AppDelegate.swift */,
				A381CA9723B9FCD900FCB7DD /* SceneDelegate.swift */,
				A381CA9923B9FCD900FCB7DD /* ContentView.swift */,
				A331D36223BDD5A000C849B7 /* UserDetailView.swift */,
				A331D36423BDFCF800C849B7 /* StoreUserInfo.swift */,
				A381CA9B23B9FCDD00FCB7DD /* Assets.xcassets */,
				A381CAA023B9FCDD00FCB7DD /* LaunchScreen.storyboard */,
				A381CAA323B9FCDD00FCB7DD /* Info.plist */,
				A381CA9D23B9FCDD00FCB7DD /* Preview Content */,
			);
			path = "SwiftUI Demo";
			sourceTree = "<group>";
		};
		A381CA9D23B9FCDD00FCB7DD /* Preview Content */ = {
			isa = PBXGroup;
			children = (
				A381CA9E23B9FCDD00FCB7DD /* Preview Assets.xcassets */,
			);
			path = "Preview Content";
			sourceTree = "<group>";
		};
		A381CAAB23B9FCDD00FCB7DD /* SwiftUI DemoTests */ = {
			isa = PBXGroup;
			children = (
				A381CAAC23B9FCDD00FCB7DD /* SwiftUI_DemoTests.swift */,
				A381CAAE23B9FCDD00FCB7DD /* Info.plist */,
			);
			path = "SwiftUI DemoTests";
			sourceTree = "<group>";
		};
		A381CAB623B9FCDD00FCB7DD /* SwiftUI DemoUITests */ = {
			isa = PBXGroup;
			children = (
				A381CAB723B9FCDD00FCB7DD /* SwiftUI_DemoUITests.swift */,
				A381CAB923B9FCDD00FCB7DD /* Info.plist */,
			);
			path = "SwiftUI DemoUITests";
			sourceTree = "<group>";
		};
/* End PBXGroup section */

/* Begin PBXNativeTarget section */
		A381CA9123B9FCD900FCB7DD /* SwiftUI Demo */ = {
			isa = PBXNativeTarget;
			buildConfigurationList = A381CABC23B9FCDD00FCB7DD /* Build configuration list for PBXNativeTarget "SwiftUI Demo" */;
			buildPhases = (
				A381CA8E23B9FCD900FCB7DD /* Sources */,
				A381CA8F23B9FCD900FCB7DD /* Frameworks */,
				A381CA9023B9FCD900FCB7DD /* Resources */,
			);
			buildRules = (
			);
			dependencies = (
			);
			name = "SwiftUI Demo";
			productName = "SwiftUI Demo";
			productReference = A381CA9223B9FCD900FCB7DD /* SwiftUI Demo.app */;
			productType = "com.apple.product-type.application";
		};
		A381CAA723B9FCDD00FCB7DD /* SwiftUI DemoTests */ = {
			isa = PBXNativeTarget;
			buildConfigurationList = A381CABF23B9FCDD00FCB7DD /* Build configuration list for PBXNativeTarget "SwiftUI DemoTests" */;
			buildPhases = (
				A381CAA423B9FCDD00FCB7DD /* Sources */,
				A381CAA523B9FCDD00FCB7DD /* Frameworks */,
				A381CAA623B9FCDD00FCB7DD /* Resources */,
			);
			buildRules = (
			);
			dependencies = (
				A381CAAA23B9FCDD00FCB7DD /* PBXTargetDependency */,
			);
			name = "SwiftUI DemoTests";
			productName = "SwiftUI DemoTests";
			productReference = A381CAA823B9FCDD00FCB7DD /* SwiftUI DemoTests.xctest */;
			productType = "com.apple.product-type.bundle.unit-test";
		};
		A381CAB223B9FCDD00FCB7DD /* SwiftUI DemoUITests */ = {
			isa = PBXNativeTarget;
			buildConfigurationList = A381CAC223B9FCDD00FCB7DD /* Build configuration list for PBXNativeTarget "SwiftUI DemoUITests" */;
			buildPhases = (
				A381CAAF23B9FCDD00FCB7DD /* Sources */,
				A381CAB023B9FCDD00FCB7DD /* Frameworks */,
				A381CAB123B9FCDD00FCB7DD /* Resources */,
			);
			buildRules = (
			);
			dependencies = (
				A381CAB523B9FCDD00FCB7DD /* PBXTargetDependency */,
			);
			name = "SwiftUI DemoUITests";
			productName = "SwiftUI DemoUITests";
			productReference = A381CAB323B9FCDD00FCB7DD /* SwiftUI DemoUITests.xctest */;
			productType = "com.apple.product-type.bundle.ui-testing";
		};
/* End PBXNativeTarget section */

/* Begin PBXProject section */
		A381CA8A23B9FCD900FCB7DD /* Project object */ = {
			isa = PBXProject;
			attributes = {
				LastSwiftUpdateCheck = 1100;
				LastUpgradeCheck = 1100;
				ORGANIZATIONNAME = "Himanshu Kesharwani";
				TargetAttributes = {
					A381CA9123B9FCD900FCB7DD = {
						CreatedOnToolsVersion = 11.0;
					};
					A381CAA723B9FCDD00FCB7DD = {
						CreatedOnToolsVersion = 11.0;
						TestTargetID = A381CA9123B9FCD900FCB7DD;
					};
					A381CAB223B9FCDD00FCB7DD = {
						CreatedOnToolsVersion = 11.0;
						TestTargetID = A381CA9123B9FCD900FCB7DD;
					};
				};
			};
			buildConfigurationList = A381CA8D23B9FCD900FCB7DD /* Build configuration list for PBXProject "SwiftUI Demo" */;
			compatibilityVersion = "Xcode 9.3";
			developmentRegion = en;
			hasScannedForEncodings = 0;
			knownRegions = (
				en,
				Base,
			);
			mainGroup = A381CA8923B9FCD900FCB7DD;
			productRefGroup = A381CA9323B9FCD900FCB7DD /* Products */;
			projectDirPath = "";
			projectRoot = "";
			targets = (
				A381CA9123B9FCD900FCB7DD /* SwiftUI Demo */,
				A381CAA723B9FCDD00FCB7DD /* SwiftUI DemoTests */,
				A381CAB223B9FCDD00FCB7DD /* SwiftUI DemoUITests */,
			);
		};
/* End PBXProject section */

/* Begin PBXResourcesBuildPhase section */
		A381CA9023B9FCD900FCB7DD /* Resources */ = {
			isa = PBXResourcesBuildPhase;
			buildActionMask = 2147483647;
			files = (
				A381CAA223B9FCDD00FCB7DD /* LaunchScreen.storyboard in Resources */,
				A381CA9F23B9FCDD00FCB7DD /* Preview Assets.xcassets in Resources */,
				A381CA9C23B9FCDD00FCB7DD /* Assets.xcassets in Resources */,
			);
			runOnlyForDeploymentPostprocessing = 0;
		};
		A381CAA623B9FCDD00FCB7DD /* Resources */ = {
			isa = PBXResourcesBuildPhase;
			buildActionMask = 2147483647;
			files = (
			);
			runOnlyForDeploymentPostprocessing = 0;
		};
		A381CAB123B9FCDD00FCB7DD /* Resources */ = {
			isa = PBXResourcesBuildPhase;
			buildActionMask = 2147483647;
			files = (
			);
			runOnlyForDeploymentPostprocessing = 0;
		};
/* End PBXResourcesBuildPhase section */

/* Begin PBXSourcesBuildPhase section */
		A381CA8E23B9FCD900FCB7DD /* Sources */ = {
			isa = PBXSourcesBuildPhase;
			buildActionMask = 2147483647;
			files = (
				A381CA9623B9FCD900FCB7DD /* AppDelegate.swift in Sources */,
				A381CA9823B9FCD900FCB7DD /* SceneDelegate.swift in Sources */,
				A381CA9A23B9FCD900FCB7DD /* ContentView.swift in Sources */,
				A331D36323BDD5A000C849B7 /* UserDetailView.swift in Sources */,
				A331D36523BDFCF800C849B7 /* StoreUserInfo.swift in Sources */,
				A381CAC623BA040700FCB7DD /* UserInfo.swift in Sources */,
			);
			runOnlyForDeploymentPostprocessing = 0;
		};
		A381CAA423B9FCDD00FCB7DD /* Sources */ = {
			isa = PBXSourcesBuildPhase;
			buildActionMask = 2147483647;
			files = (
				A381CAAD23B9FCDD00FCB7DD /* SwiftUI_DemoTests.swift in Sources */,
			);
			runOnlyForDeploymentPostprocessing = 0;
		};
		A381CAAF23B9FCDD00FCB7DD /* Sources */ = {
			isa = PBXSourcesBuildPhase;
			buildActionMask = 2147483647;
			files = (
				A381CAB823B9FCDD00FCB7DD /* SwiftUI_DemoUITests.swift in Sources */,
			);
			runOnlyForDeploymentPostprocessing = 0;
		};
/* End PBXSourcesBuildPhase section */

/* Begin PBXTargetDependency section */
		A381CAAA23B9FCDD00FCB7DD /* PBXTargetDependency */ = {
			isa = PBXTargetDependency;
			target = A381CA9123B9FCD900FCB7DD /* SwiftUI Demo */;
			targetProxy = A381CAA923B9FCDD00FCB7DD /* PBXContainerItemProxy */;
		};
		A381CAB523B9FCDD00FCB7DD /* PBXTargetDependency */ = {
			isa = PBXTargetDependency;
			target = A381CA9123B9FCD900FCB7DD /* SwiftUI Demo */;
			targetProxy = A381CAB423B9FCDD00FCB7DD /* PBXContainerItemProxy */;
		};
/* End PBXTargetDependency section */

/* Begin PBXVariantGroup section */
		A381CAA023B9FCDD00FCB7DD /* LaunchScreen.storyboard */ = {
			isa = PBXVariantGroup;
			children = (
				A381CAA123B9FCDD00FCB7DD /* Base */,
			);
			name = LaunchScreen.storyboard;
			sourceTree = "<group>";
		};
/* End PBXVariantGroup section */

/* Begin XCBuildConfiguration section */
		A381CABA23B9FCDD00FCB7DD /* Debug */ = {
			isa = XCBuildConfiguration;
			buildSettings = {
				ALWAYS_SEARCH_USER_PATHS = NO;
				CLANG_ANALYZER_NONNULL = YES;
				CLANG_ANALYZER_NUMBER_OBJECT_CONVERSION = YES_AGGRESSIVE;
				CLANG_CXX_LANGUAGE_STANDARD = "gnu++14";
				CLANG_CXX_LIBRARY = "libc++";
				CLANG_ENABLE_MODULES = YES;
				CLANG_ENABLE_OBJC_ARC = YES;
				CLANG_ENABLE_OBJC_WEAK = YES;
				CLANG_WARN_BLOCK_CAPTURE_AUTORELEASING = YES;
				CLANG_WARN_BOOL_CONVERSION = YES;
				CLANG_WARN_COMMA = YES;
				CLANG_WARN_CONSTANT_CONVERSION = YES;
				CLANG_WARN_DEPRECATED_OBJC_IMPLEMENTATIONS = YES;
				CLANG_WARN_DIRECT_OBJC_ISA_USAGE = YES_ERROR;
				CLANG_WARN_DOCUMENTATION_COMMENTS = YES;
				CLANG_WARN_EMPTY_BODY = YES;
				CLANG_WARN_ENUM_CONVERSION = YES;
				CLANG_WARN_INFINITE_RECURSION = YES;
				CLANG_WARN_INT_CONVERSION = YES;
				CLANG_WARN_NON_LITERAL_NULL_CONVERSION = YES;
				CLANG_WARN_OBJC_IMPLICIT_RETAIN_SELF = YES;
				CLANG_WARN_OBJC_LITERAL_CONVERSION = YES;
				CLANG_WARN_OBJC_ROOT_CLASS = YES_ERROR;
				CLANG_WARN_RANGE_LOOP_ANALYSIS = YES;
				CLANG_WARN_STRICT_PROTOTYPES = YES;
				CLANG_WARN_SUSPICIOUS_MOVE = YES;
				CLANG_WARN_UNGUARDED_AVAILABILITY = YES_AGGRESSIVE;
				CLANG_WARN_UNREACHABLE_CODE = YES;
				CLANG_WARN__DUPLICATE_METHOD_MATCH = YES;
				COPY_PHASE_STRIP = NO;
				DEBUG_INFORMATION_FORMAT = dwarf;
				ENABLE_STRICT_OBJC_MSGSEND = YES;
				ENABLE_TESTABILITY = YES;
				GCC_C_LANGUAGE_STANDARD = gnu11;
				GCC_DYNAMIC_NO_PIC = NO;
				GCC_NO_COMMON_BLOCKS = YES;
				GCC_OPTIMIZATION_LEVEL = 0;
				GCC_PREPROCESSOR_DEFINITIONS = (
					"DEBUG=1",
					"$(inherited)",
				);
				GCC_WARN_64_TO_32_BIT_CONVERSION = YES;
				GCC_WARN_ABOUT_RETURN_TYPE = YES_ERROR;
				GCC_WARN_UNDECLARED_SELECTOR = YES;
				GCC_WARN_UNINITIALIZED_AUTOS = YES_AGGRESSIVE;
				GCC_WARN_UNUSED_FUNCTION = YES;
				GCC_WARN_UNUSED_VARIABLE = YES;
				IPHONEOS_DEPLOYMENT_TARGET = 13.0;
				MTL_ENABLE_DEBUG_INFO = INCLUDE_SOURCE;
				MTL_FAST_MATH = YES;
				ONLY_ACTIVE_ARCH = YES;
				SDKROOT = iphoneos;
				SWIFT_ACTIVE_COMPILATION_CONDITIONS = DEBUG;
				SWIFT_OPTIMIZATION_LEVEL = "-Onone";
			};
			name = Debug;
		};
		A381CABB23B9FCDD00FCB7DD /* Release */ = {
			isa = XCBuildConfiguration;
			buildSettings = {
				ALWAYS_SEARCH_USER_PATHS = NO;
				CLANG_ANALYZER_NONNULL = YES;
				CLANG_ANALYZER_NUMBER_OBJECT_CONVERSION = YES_AGGRESSIVE;
				CLANG_CXX_LANGUAGE_STANDARD = "gnu++14";
				CLANG_CXX_LIBRARY = "libc++";
				CLANG_ENABLE_MODULES = YES;
				CLANG_ENABLE_OBJC_ARC = YES;
				CLANG_ENABLE_OBJC_WEAK = YES;
				CLANG_WARN_BLOCK_CAPTURE_AUTORELEASING = YES;
				CLANG_WARN_BOOL_CONVERSION = YES;
				CLANG_WARN_COMMA = YES;
				CLANG_WARN_CONSTANT_CONVERSION = YES;
				CLANG_WARN_DEPRECATED_OBJC_IMPLEMENTATIONS = YES;
				CLANG_WARN_DIRECT_OBJC_ISA_USAGE = YES_ERROR;
				CLANG_WARN_DOCUMENTATION_COMMENTS = YES;
				CLANG_WARN_EMPTY_BODY = YES;
				CLANG_WARN_ENUM_CONVERSION = YES;
				CLANG_WARN_INFINITE_RECURSION = YES;
				CLANG_WARN_INT_CONVERSION = YES;
				CLANG_WARN_NON_LITERAL_NULL_CONVERSION = YES;
				CLANG_WARN_OBJC_IMPLICIT_RETAIN_SELF = YES;
				CLANG_WARN_OBJC_LITERAL_CONVERSION = YES;
				CLANG_WARN_OBJC_ROOT_CLASS = YES_ERROR;
				CLANG_WARN_RANGE_LOOP_ANALYSIS = YES;
				CLANG_WARN_STRICT_PROTOTYPES = YES;
				CLANG_WARN_SUSPICIOUS_MOVE = YES;
				CLANG_WARN_UNGUARDED_AVAILABILITY = YES_AGGRESSIVE;
				CLANG_WARN_UNREACHABLE_CODE = YES;
				CLANG_WARN__DUPLICATE_METHOD_MATCH = YES;
				COPY_PHASE_STRIP = NO;
				DEBUG_INFORMATION_FORMAT = "dwarf-with-dsym";
				ENABLE_NS_ASSERTIONS = NO;
				ENABLE_STRICT_OBJC_MSGSEND = YES;
				GCC_C_LANGUAGE_STANDARD = gnu11;
				GCC_NO_COMMON_BLOCKS = YES;
				GCC_WARN_64_TO_32_BIT_CONVERSION = YES;
				GCC_WARN_ABOUT_RETURN_TYPE = YES_ERROR;
				GCC_WARN_UNDECLARED_SELECTOR = YES;
				GCC_WARN_UNINITIALIZED_AUTOS = YES_AGGRESSIVE;
				GCC_WARN_UNUSED_FUNCTION = YES;
				GCC_WARN_UNUSED_VARIABLE = YES;
				IPHONEOS_DEPLOYMENT_TARGET = 13.0;
				MTL_ENABLE_DEBUG_INFO = NO;
				MTL_FAST_MATH = YES;
				SDKROOT = iphoneos;
				SWIFT_COMPILATION_MODE = wholemodule;
				SWIFT_OPTIMIZATION_LEVEL = "-O";
				VALIDATE_PRODUCT = YES;
			};
			name = Release;
		};
		A381CABD23B9FCDD00FCB7DD /* Debug */ = {
			isa = XCBuildConfiguration;
			buildSettings = {
				ASSETCATALOG_COMPILER_APPICON_NAME = AppIcon;
				CODE_SIGN_STYLE = Automatic;
				DEVELOPMENT_ASSET_PATHS = "\"SwiftUI Demo/Preview Content\"";
				DEVELOPMENT_TEAM = 8RXPSDJLVG;
				ENABLE_PREVIEWS = YES;
				INFOPLIST_FILE = "SwiftUI Demo/Info.plist";
				LD_RUNPATH_SEARCH_PATHS = (
					"$(inherited)",
					"@executable_path/Frameworks",
				);
				PRODUCT_BUNDLE_IDENTIFIER = "com.himanshu.SwiftUI.SwiftUI-Demo";
				PRODUCT_NAME = "$(TARGET_NAME)";
				SWIFT_VERSION = 5.0;
				TARGETED_DEVICE_FAMILY = "1,2";
			};
			name = Debug;
		};
		A381CABE23B9FCDD00FCB7DD /* Release */ = {
			isa = XCBuildConfiguration;
			buildSettings = {
				ASSETCATALOG_COMPILER_APPICON_NAME = AppIcon;
				CODE_SIGN_STYLE = Automatic;
				DEVELOPMENT_ASSET_PATHS = "\"SwiftUI Demo/Preview Content\"";
				DEVELOPMENT_TEAM = 8RXPSDJLVG;
				ENABLE_PREVIEWS = YES;
				INFOPLIST_FILE = "SwiftUI Demo/Info.plist";
				LD_RUNPATH_SEARCH_PATHS = (
					"$(inherited)",
					"@executable_path/Frameworks",
				);
				PRODUCT_BUNDLE_IDENTIFIER = "com.himanshu.SwiftUI.SwiftUI-Demo";
				PRODUCT_NAME = "$(TARGET_NAME)";
				SWIFT_VERSION = 5.0;
				TARGETED_DEVICE_FAMILY = "1,2";
			};
			name = Release;
		};
		A381CAC023B9FCDD00FCB7DD /* Debug */ = {
			isa = XCBuildConfiguration;
			buildSettings = {
				ALWAYS_EMBED_SWIFT_STANDARD_LIBRARIES = YES;
				BUNDLE_LOADER = "$(TEST_HOST)";
				CODE_SIGN_STYLE = Automatic;
				DEVELOPMENT_TEAM = 8RXPSDJLVG;
				INFOPLIST_FILE = "SwiftUI DemoTests/Info.plist";
				IPHONEOS_DEPLOYMENT_TARGET = 13.0;
				LD_RUNPATH_SEARCH_PATHS = (
					"$(inherited)",
					"@executable_path/Frameworks",
					"@loader_path/Frameworks",
				);
				PRODUCT_BUNDLE_IDENTIFIER = "com.himanshu.SwiftUI.SwiftUI-DemoTests";
				PRODUCT_NAME = "$(TARGET_NAME)";
				SWIFT_VERSION = 5.0;
				TARGETED_DEVICE_FAMILY = "1,2";
				TEST_HOST = "$(BUILT_PRODUCTS_DIR)/SwiftUI Demo.app/SwiftUI Demo";
			};
			name = Debug;
		};
		A381CAC123B9FCDD00FCB7DD /* Release */ = {
			isa = XCBuildConfiguration;
			buildSettings = {
				ALWAYS_EMBED_SWIFT_STANDARD_LIBRARIES = YES;
				BUNDLE_LOADER = "$(TEST_HOST)";
				CODE_SIGN_STYLE = Automatic;
				DEVELOPMENT_TEAM = 8RXPSDJLVG;
				INFOPLIST_FILE = "SwiftUI DemoTests/Info.plist";
				IPHONEOS_DEPLOYMENT_TARGET = 13.0;
				LD_RUNPATH_SEARCH_PATHS = (
					"$(inherited)",
					"@executable_path/Frameworks",
					"@loader_path/Frameworks",
				);
				PRODUCT_BUNDLE_IDENTIFIER = "com.himanshu.SwiftUI.SwiftUI-DemoTests";
				PRODUCT_NAME = "$(TARGET_NAME)";
				SWIFT_VERSION = 5.0;
				TARGETED_DEVICE_FAMILY = "1,2";
				TEST_HOST = "$(BUILT_PRODUCTS_DIR)/SwiftUI Demo.app/SwiftUI Demo";
			};
			name = Release;
		};
		A381CAC323B9FCDD00FCB7DD /* Debug */ = {
			isa = XCBuildConfiguration;
			buildSettings = {
				ALWAYS_EMBED_SWIFT_STANDARD_LIBRARIES = YES;
				CODE_SIGN_STYLE = Automatic;
				DEVELOPMENT_TEAM = 8RXPSDJLVG;
				INFOPLIST_FILE = "SwiftUI DemoUITests/Info.plist";
				LD_RUNPATH_SEARCH_PATHS = (
					"$(inherited)",
					"@executable_path/Frameworks",
					"@loader_path/Frameworks",
				);
				PRODUCT_BUNDLE_IDENTIFIER = "com.himanshu.SwiftUI.SwiftUI-DemoUITests";
				PRODUCT_NAME = "$(TARGET_NAME)";
				SWIFT_VERSION = 5.0;
				TARGETED_DEVICE_FAMILY = "1,2";
				TEST_TARGET_NAME = "SwiftUI Demo";
			};
			name = Debug;
		};
		A381CAC423B9FCDD00FCB7DD /* Release */ = {
			isa = XCBuildConfiguration;
			buildSettings = {
				ALWAYS_EMBED_SWIFT_STANDARD_LIBRARIES = YES;
				CODE_SIGN_STYLE = Automatic;
				DEVELOPMENT_TEAM = 8RXPSDJLVG;
				INFOPLIST_FILE = "SwiftUI DemoUITests/Info.plist";
				LD_RUNPATH_SEARCH_PATHS = (
					"$(inherited)",
					"@executable_path/Frameworks",
					"@loader_path/Frameworks",
				);
				PRODUCT_BUNDLE_IDENTIFIER = "com.himanshu.SwiftUI.SwiftUI-DemoUITests";
				PRODUCT_NAME = "$(TARGET_NAME)";
				SWIFT_VERSION = 5.0;
				TARGETED_DEVICE_FAMILY = "1,2";
				TEST_TARGET_NAME = "SwiftUI Demo";
			};
			name = Release;
		};
/* End XCBuildConfiguration section */

/* Begin XCConfigurationList section */
		A381CA8D23B9FCD900FCB7DD /* Build configuration list for PBXProject "SwiftUI Demo" */ = {
			isa = XCConfigurationList;
			buildConfigurations = (
				A381CABA23B9FCDD00FCB7DD /* Debug */,
				A381CABB23B9FCDD00FCB7DD /* Release */,
			);
			defaultConfigurationIsVisible = 0;
			defaultConfigurationName = Release;
		};
		A381CABC23B9FCDD00FCB7DD /* Build configuration list for PBXNativeTarget "SwiftUI Demo" */ = {
			isa = XCConfigurationList;
			buildConfigurations = (
				A381CABD23B9FCDD00FCB7DD /* Debug */,
				A381CABE23B9FCDD00FCB7DD /* Release */,
			);
			defaultConfigurationIsVisible = 0;
			defaultConfigurationName = Release;
		};
		A381CABF23B9FCDD00FCB7DD /* Build configuration list for PBXNativeTarget "SwiftUI DemoTests" */ = {
			isa = XCConfigurationList;
			buildConfigurations = (
				A381CAC023B9FCDD00FCB7DD /* Debug */,
				A381CAC123B9FCDD00FCB7DD /* Release */,
			);
			defaultConfigurationIsVisible = 0;
			defaultConfigurationName = Release;
		};
		A381CAC223B9FCDD00FCB7DD /* Build configuration list for PBXNativeTarget "SwiftUI DemoUITests" */ = {
			isa = XCConfigurationList;
			buildConfigurations = (
				A381CAC323B9FCDD00FCB7DD /* Debug */,
				A381CAC423B9FCDD00FCB7DD /* Release */,
			);
			defaultConfigurationIsVisible = 0;
			defaultConfigurationName = Release;
		};
/* End XCConfigurationList section */
	};
	rootObject = A381CA8A23B9FCD900FCB7DD /* Project object */;
}
